
Microsoft Visual Studio Solution File, Format Version 12.00
# Visual Studio Version 16
VisualStudioVersion = 16.0.30330.147
MinimumVisualStudioVersion = 10.0.40219.1
Project("{FAE04EC0-301F-11D3-BF4B-00C04F79EFBC}") = "RestServiceProject", "RestServiceProject\RestServiceProject.csproj", "{4DCD32C9-140E-41EE-995A-2D178A8782DA}"
EndProject
Global
	GlobalSection(SolutionConfigurationPlatforms) = preSolution
		Debug|Any CPU = Debug|Any CPU
		Release|Any CPU = Release|Any CPU
	EndGlobalSection
	GlobalSection(ProjectConfigurationPlatforms) = postSolution
		{4DCD32C9-140E-41EE-995A-2D178A8782DA}.Debug|Any CPU.ActiveCfg = Debug|Any CPU
		{4DCD32C9-140E-41EE-995A-2D178A8782DA}.Debug|Any CPU.Build.0 = Debug|Any CPU
		{4DCD32C9-140E-41EE-995A-2D178A8782DA}.Release|Any CPU.ActiveCfg = Release|Any CPU
		{4DCD32C9-140E-41EE-995A-2D178A8782DA}.Release|Any CPU.Build.0 = Release|Any CPU
	EndGlobalSection
	GlobalSection(SolutionProperties) = preSolution
		HideSolutionNode = FALSE
	EndGlobalSection
	GlobalSection(ExtensibilityGlobals) = postSolution
		SolutionGuid = {7C03A4E5-276A-46C5-8D47-194CEDF15178}
	EndGlobalSection
EndGlobal
